
Microsoft Visual Studio Solution File, Format Version 12.00
# Visual Studio Version 18
VisualStudioVersion = 18.0.11217.181
MinimumVisualStudioVersion = 10.0.40219.1
Project("{FAE04EC0-301F-11D3-BF4B-00C04F79EFBC}") = "AiKnowledgeAssistant.Api", "AiKnowledgeAssistant.Api\AiKnowledgeAssistant.Api.csproj", "{02365143-A833-1C76-ADD2-19FFA18F8071}"
EndProject
Project("{FAE04EC0-301F-11D3-BF4B-00C04F79EFBC}") = "AiKnowledgeAssistant.Application", "AiKnowledgeAssistant.Application\AiKnowledgeAssistant.Application.csproj", "{955CC6DA-B6DA-E9D6-03AD-F17D6BFE476D}"
EndProject
Project("{FAE04EC0-301F-11D3-BF4B-00C04F79EFBC}") = "AiKnowledgeAssistant.Infrastructure", "AiKnowledgeAssistant.Infrastructure\AiKnowledgeAssistant.Infrastructure.csproj", "{E777A105-954D-1615-C975-976656BCA382}"
EndProject
Project("{FAE04EC0-301F-11D3-BF4B-00C04F79EFBC}") = "Utils", "Utils\Utils.csproj", "{98B0670B-C06E-4650-8B20-7B5A8C49DE5D}"
EndProject
Project("{FAE04EC0-301F-11D3-BF4B-00C04F79EFBC}") = "AiKnowledgeAssistant.Tests", "AiKnowledgeAssistant.Tests\AiKnowledgeAssistant.Tests.csproj", "{F308509D-90F3-4D12-B558-10198B42C55F}"
EndProject
Global
	GlobalSection(SolutionConfigurationPlatforms) = preSolution
		Debug|Any CPU = Debug|Any CPU
		Release|Any CPU = Release|Any CPU
	EndGlobalSection
	GlobalSection(ProjectConfigurationPlatforms) = postSolution
		{02365143-A833-1C76-ADD2-19FFA18F8071}.Debug|Any CPU.ActiveCfg = Debug|Any CPU
		{02365143-A833-1C76-ADD2-19FFA18F8071}.Debug|Any CPU.Build.0 = Debug|Any CPU
		{02365143-A833-1C76-ADD2-19FFA18F8071}.Release|Any CPU.ActiveCfg = Release|Any CPU
		{02365143-A833-1C76-ADD2-19FFA18F8071}.Release|Any CPU.Build.0 = Release|Any CPU
		{955CC6DA-B6DA-E9D6-03AD-F17D6BFE476D}.Debug|Any CPU.ActiveCfg = Debug|Any CPU
		{955CC6DA-B6DA-E9D6-03AD-F17D6BFE476D}.Debug|Any CPU.Build.0 = Debug|Any CPU
		{955CC6DA-B6DA-E9D6-03AD-F17D6BFE476D}.Release|Any CPU.ActiveCfg = Release|Any CPU
		{955CC6DA-B6DA-E9D6-03AD-F17D6BFE476D}.Release|Any CPU.Build.0 = Release|Any CPU
		{E777A105-954D-1615-C975-976656BCA382}.Debug|Any CPU.ActiveCfg = Debug|Any CPU
		{E777A105-954D-1615-C975-976656BCA382}.Debug|Any CPU.Build.0 = Debug|Any CPU
		{E777A105-954D-1615-C975-976656BCA382}.Release|Any CPU.ActiveCfg = Release|Any CPU
		{E777A105-954D-1615-C975-976656BCA382}.Release|Any CPU.Build.0 = Release|Any CPU
		{98B0670B-C06E-4650-8B20-7B5A8C49DE5D}.Debug|Any CPU.ActiveCfg = Debug|Any CPU
		{98B0670B-C06E-4650-8B20-7B5A8C49DE5D}.Debug|Any CPU.Build.0 = Debug|Any CPU
		{98B0670B-C06E-4650-8B20-7B5A8C49DE5D}.Release|Any CPU.ActiveCfg = Release|Any CPU
		{98B0670B-C06E-4650-8B20-7B5A8C49DE5D}.Release|Any CPU.Build.0 = Release|Any CPU
		{F308509D-90F3-4D12-B558-10198B42C55F}.Debug|Any CPU.ActiveCfg = Debug|Any CPU
		{F308509D-90F3-4D12-B558-10198B42C55F}.Debug|Any CPU.Build.0 = Debug|Any CPU
		{F308509D-90F3-4D12-B558-10198B42C55F}.Release|Any CPU.ActiveCfg = Release|Any CPU
		{F308509D-90F3-4D12-B558-10198B42C55F}.Release|Any CPU.Build.0 = Release|Any CPU
	EndGlobalSection
	GlobalSection(SolutionProperties) = preSolution
		HideSolutionNode = FALSE
	EndGlobalSection
	GlobalSection(ExtensibilityGlobals) = postSolution
		SolutionGuid = {8AC0BDF7-1149-4A43-9C95-0B85709BDE14}
	EndGlobalSection
EndGlobal
